
Microsoft Visual Studio Solution File, Format Version 12.00
# Visual Studio 2013
VisualStudioVersion = 12.0.21005.1
MinimumVisualStudioVersion = 10.0.40219.1
Project("{FAE04EC0-301F-11D3-BF4B-00C04F79EFBC}") = "WebCamCapture", "WebCamCapture\WebCamCapture.csproj", "{F2008406-C594-4314-964B-CE2A720EFAE5}"
EndProject
Project("{FAE04EC0-301F-11D3-BF4B-00C04F79EFBC}") = "GUI", "GUI\GUI.csproj", "{876112BF-E72F-430B-B3E6-1F05596E1107}"
EndProject
Global
	GlobalSection(SolutionConfigurationPlatforms) = preSolution
		Debug|Any CPU = Debug|Any CPU
		Release|Any CPU = Release|Any CPU
	EndGlobalSection
	GlobalSection(ProjectConfigurationPlatforms) = postSolution
		{F2008406-C594-4314-964B-CE2A720EFAE5}.Debug|Any CPU.ActiveCfg = Debug|Any CPU
		{F2008406-C594-4314-964B-CE2A720EFAE5}.Debug|Any CPU.Build.0 = Debug|Any CPU
		{F2008406-C594-4314-964B-CE2A720EFAE5}.Release|Any CPU.ActiveCfg = Release|Any CPU
		{F2008406-C594-4314-964B-CE2A720EFAE5}.Release|Any CPU.Build.0 = Release|Any CPU
		{876112BF-E72F-430B-B3E6-1F05596E1107}.Debug|Any CPU.ActiveCfg = Debug|Any CPU
		{876112BF-E72F-430B-B3E6-1F05596E1107}.Debug|Any CPU.Build.0 = Debug|Any CPU
		{876112BF-E72F-430B-B3E6-1F05596E1107}.Release|Any CPU.ActiveCfg = Release|Any CPU
		{876112BF-E72F-430B-B3E6-1F05596E1107}.Release|Any CPU.Build.0 = Release|Any CPU
	EndGlobalSection
	GlobalSection(SolutionProperties) = preSolution
		HideSolutionNode = FALSE
	EndGlobalSection
EndGlobal
